
Microsoft Visual Studio Solution File, Format Version 12.00
# Visual Studio 2017
Project("{FAE04EC0-301F-11D3-BF4B-00C04F79EFBC}") = "Unity igra za RGTI", "Unity igra za RGTI.csproj", "{5E33C9E9-D04E-9AD0-06B3-E4D30101A6A1}"
EndProject
Project("{FAE04EC0-301F-11D3-BF4B-00C04F79EFBC}") = "Unity igra za RGTI.Plugins", "Unity igra za RGTI.Plugins.csproj", "{F2A70DA1-0CB8-FC88-30A9-BCAB893E543C}"
EndProject
Project("{FAE04EC0-301F-11D3-BF4B-00C04F79EFBC}") = "Unity igra za RGTI.Editor.Plugins", "Unity igra za RGTI.Editor.Plugins.csproj", "{BCFD382F-FC8B-D2E1-114C-51EBE9253AD7}"
EndProject
Global
	GlobalSection(SolutionConfigurationPlatforms) = preSolution
		Debug|Any CPU = Debug|Any CPU
		Release|Any CPU = Release|Any CPU
	EndGlobalSection
	GlobalSection(ProjectConfigurationPlatforms) = postSolution
		{5E33C9E9-D04E-9AD0-06B3-E4D30101A6A1}.Debug|Any CPU.ActiveCfg = Debug|Any CPU
		{5E33C9E9-D04E-9AD0-06B3-E4D30101A6A1}.Debug|Any CPU.Build.0 = Debug|Any CPU
		{5E33C9E9-D04E-9AD0-06B3-E4D30101A6A1}.Release|Any CPU.ActiveCfg = Release|Any CPU
		{5E33C9E9-D04E-9AD0-06B3-E4D30101A6A1}.Release|Any CPU.Build.0 = Release|Any CPU
		{F2A70DA1-0CB8-FC88-30A9-BCAB893E543C}.Debug|Any CPU.ActiveCfg = Debug|Any CPU
		{F2A70DA1-0CB8-FC88-30A9-BCAB893E543C}.Debug|Any CPU.Build.0 = Debug|Any CPU
		{F2A70DA1-0CB8-FC88-30A9-BCAB893E543C}.Release|Any CPU.ActiveCfg = Release|Any CPU
		{F2A70DA1-0CB8-FC88-30A9-BCAB893E543C}.Release|Any CPU.Build.0 = Release|Any CPU
		{BCFD382F-FC8B-D2E1-114C-51EBE9253AD7}.Debug|Any CPU.ActiveCfg = Debug|Any CPU
		{BCFD382F-FC8B-D2E1-114C-51EBE9253AD7}.Debug|Any CPU.Build.0 = Debug|Any CPU
		{BCFD382F-FC8B-D2E1-114C-51EBE9253AD7}.Release|Any CPU.ActiveCfg = Release|Any CPU
		{BCFD382F-FC8B-D2E1-114C-51EBE9253AD7}.Release|Any CPU.Build.0 = Release|Any CPU
	EndGlobalSection
	GlobalSection(SolutionProperties) = preSolution
		HideSolutionNode = FALSE
	EndGlobalSection
EndGlobal
